Microsoft Visual Studio Solution File, Format Version 12.00
# Visual Studio 2012
Project("{FAE04EC0-301F-11D3-BF4B-00C04F79EFBC}") = "EcsDemo", "EcsDemo.csproj", "{D9968232-D501-4A4B-AAB0-FE4849FCBE4D}"
EndProject
Global
	GlobalSection(SolutionConfigurationPlatforms) = preSolution
	Debug|Any CPU = Debug|Any CPU
	ExportDebug|Any CPU = ExportDebug|Any CPU
	ExportRelease|Any CPU = ExportRelease|Any CPU
	EndGlobalSection
	GlobalSection(ProjectConfigurationPlatforms) = postSolution
		{D9968232-D501-4A4B-AAB0-FE4849FCBE4D}.Debug|Any CPU.ActiveCfg = Debug|Any CPU
		{D9968232-D501-4A4B-AAB0-FE4849FCBE4D}.Debug|Any CPU.Build.0 = Debug|Any CPU
		{D9968232-D501-4A4B-AAB0-FE4849FCBE4D}.ExportDebug|Any CPU.ActiveCfg = ExportDebug|Any CPU
		{D9968232-D501-4A4B-AAB0-FE4849FCBE4D}.ExportDebug|Any CPU.Build.0 = ExportDebug|Any CPU
		{D9968232-D501-4A4B-AAB0-FE4849FCBE4D}.ExportRelease|Any CPU.ActiveCfg = ExportRelease|Any CPU
		{D9968232-D501-4A4B-AAB0-FE4849FCBE4D}.ExportRelease|Any CPU.Build.0 = ExportRelease|Any CPU
	EndGlobalSection
EndGlobal
